
Microsoft Visual Studio Solution File, Format Version 12.00
# Visual Studio 15
VisualStudioVersion = 15.0.28307.489
MinimumVisualStudioVersion = 10.0.40219.1
Project("{9A19103F-16F7-4668-BE54-9A1E7A4F7556}") = "YoungMomsAssistant.WebApi", "YoungMomsAssistant.WebApi\YoungMomsAssistant.WebApi.csproj", "{91CF7807-81CE-4D36-8CCE-36E97AB16EB0}"
EndProject
Project("{FAE04EC0-301F-11D3-BF4B-00C04F79EFBC}") = "YoungMomsAssistant.Core", "YoungMomsAssistant.Core\YoungMomsAssistant.Core.csproj", "{563DB8C1-8112-4741-8C17-5A51C8B2E0D6}"
EndProject
Global
	GlobalSection(SolutionConfigurationPlatforms) = preSolution
		Debug|Any CPU = Debug|Any CPU
		Release|Any CPU = Release|Any CPU
	EndGlobalSection
	GlobalSection(ProjectConfigurationPlatforms) = postSolution
		{91CF7807-81CE-4D36-8CCE-36E97AB16EB0}.Debug|Any CPU.ActiveCfg = Debug|Any CPU
		{91CF7807-81CE-4D36-8CCE-36E97AB16EB0}.Debug|Any CPU.Build.0 = Debug|Any CPU
		{91CF7807-81CE-4D36-8CCE-36E97AB16EB0}.Release|Any CPU.ActiveCfg = Release|Any CPU
		{91CF7807-81CE-4D36-8CCE-36E97AB16EB0}.Release|Any CPU.Build.0 = Release|Any CPU
		{563DB8C1-8112-4741-8C17-5A51C8B2E0D6}.Debug|Any CPU.ActiveCfg = Debug|Any CPU
		{563DB8C1-8112-4741-8C17-5A51C8B2E0D6}.Debug|Any CPU.Build.0 = Debug|Any CPU
		{563DB8C1-8112-4741-8C17-5A51C8B2E0D6}.Release|Any CPU.ActiveCfg = Release|Any CPU
		{563DB8C1-8112-4741-8C17-5A51C8B2E0D6}.Release|Any CPU.Build.0 = Release|Any CPU
	EndGlobalSection
	GlobalSection(SolutionProperties) = preSolution
		HideSolutionNode = FALSE
	EndGlobalSection
	GlobalSection(ExtensibilityGlobals) = postSolution
		SolutionGuid = {1CCF73A4-94DC-4F2C-8D23-AA8C62DF8D19}
	EndGlobalSection
EndGlobal
